# This file is automatically @generated by Wally.
# It is not intended for manual editing.
registry = "test"

[[package]]
name = "brittonfischer/replicaservice"
version = "0.1.0"
dependencies = []

[[package]]
name = "elttob/fusion"
version = "0.2.0"
dependencies = []

[[package]]
name = "evaera/promise"
version = "4.0.0"
dependencies = []

[[package]]
name = "firecam702/profileservice"
version = "1.0.0"
dependencies = []

[[package]]
name = "maxba/dojo-obby"
version = "0.1.0"
dependencies = [["Fusion", "elttob/fusion@0.2.0"], ["Knit", "sleitnick/knit@1.4.7"], ["ReplicaService", "brittonfischer/replicaservice@0.1.0"]]

[[package]]
name = "sleitnick/comm"
version = "0.3.1"
dependencies = [["Option", "sleitnick/option@1.0.4"], ["Promise", "evaera/promise@4.0.0"], ["Signal", "sleitnick/signal@1.2.1"]]

[[package]]
name = "sleitnick/knit"
version = "1.4.7"
dependencies = [["Comm", "sleitnick/comm@0.3.1"], ["Promise", "evaera/promise@4.0.0"]]

[[package]]
name = "sleitnick/option"
version = "1.0.4"
dependencies = []

[[package]]
name = "sleitnick/signal"
version = "1.2.1"
dependencies = []
